
Microsoft Visual Studio Solution File, Format Version 11.00
# Visual Studio 2010
Project("{F184B08F-C81C-45F6-A57F-5ABD9991F28F}") = "WindowsApplication1", "WindowsApplication1\WindowsApplication1.vbproj", "{D5A61190-A35E-40D0-8D48-1568397EB581}"
EndProject
Global
	GlobalSection(SolutionConfigurationPlatforms) = preSolution
		Debug|x86 = Debug|x86
		Release|x86 = Release|x86
	EndGlobalSection
	GlobalSection(ProjectConfigurationPlatforms) = postSolution
		{D5A61190-A35E-40D0-8D48-1568397EB581}.Debug|x86.ActiveCfg = Debug|x86
		{D5A61190-A35E-40D0-8D48-1568397EB581}.Debug|x86.Build.0 = Debug|x86
		{D5A61190-A35E-40D0-8D48-1568397EB581}.Release|x86.ActiveCfg = Release|x86
		{D5A61190-A35E-40D0-8D48-1568397EB581}.Release|x86.Build.0 = Release|x86
	EndGlobalSection
	GlobalSection(SolutionProperties) = preSolution
		HideSolutionNode = FALSE
	EndGlobalSection
EndGlobal
